
Microsoft Visual Studio Solution File, Format Version 12.00
Project("{FAE04EC0-301F-11D3-BF4B-00C04F79EFBC}") = "Models", "Models\Models.csproj", "{6ABE461F-B644-40A5-A525-4F59ED1C177A}"
EndProject
Global
	GlobalSection(SolutionConfigurationPlatforms) = preSolution
		Debug|Any CPU = Debug|Any CPU
		Release|Any CPU = Release|Any CPU
	EndGlobalSection
	GlobalSection(ProjectConfigurationPlatforms) = postSolution
		{6ABE461F-B644-40A5-A525-4F59ED1C177A}.Debug|Any CPU.ActiveCfg = Debug|Any CPU
		{6ABE461F-B644-40A5-A525-4F59ED1C177A}.Debug|Any CPU.Build.0 = Debug|Any CPU
		{6ABE461F-B644-40A5-A525-4F59ED1C177A}.Release|Any CPU.ActiveCfg = Release|Any CPU
		{6ABE461F-B644-40A5-A525-4F59ED1C177A}.Release|Any CPU.Build.0 = Release|Any CPU
	EndGlobalSection
EndGlobal
