
Microsoft Visual Studio Solution File, Format Version 12.00
# Visual Studio Version 17
VisualStudioVersion = 17.6.33815.320
MinimumVisualStudioVersion = 10.0.40219.1
Project("{9A19103F-16F7-4668-BE54-9A1E7A4F7556}") = "Models", "Models\Models.csproj", "{6ABE461F-B644-40A5-A525-4F59ED1C177A}"
EndProject
Project("{9A19103F-16F7-4668-BE54-9A1E7A4F7556}") = "Importer", "Importer\Importer.csproj", "{C3AF4E9F-D540-49EB-8DBD-8098FE9ED2AF}"
	ProjectSection(ProjectDependencies) = postProject
		{6ABE461F-B644-40A5-A525-4F59ED1C177A} = {6ABE461F-B644-40A5-A525-4F59ED1C177A}
	EndProjectSection
EndProject
Project("{9A19103F-16F7-4668-BE54-9A1E7A4F7556}") = "ImporterTests", "ImporterTests\ImporterTests.csproj", "{DAE915E2-C494-42A9-AAD5-DEEEF1A9E7BF}"
EndProject
Project("{FAE04EC0-301F-11D3-BF4B-00C04F79EFBC}") = "AzureExporter", "AzureExporter\AzureExporter.csproj", "{F0B8FF2F-2EB3-4A5A-BF3E-55DF351E1118}"
	ProjectSection(ProjectDependencies) = postProject
		{6ABE461F-B644-40A5-A525-4F59ED1C177A} = {6ABE461F-B644-40A5-A525-4F59ED1C177A}
	EndProjectSection
EndProject
Project("{FAE04EC0-301F-11D3-BF4B-00C04F79EFBC}") = "AllureExporter", "AllureExporter\AllureExporter.csproj", "{BD50456A-86C5-463D-9621-5151C68C3A22}"
	ProjectSection(ProjectDependencies) = postProject
		{6ABE461F-B644-40A5-A525-4F59ED1C177A} = {6ABE461F-B644-40A5-A525-4F59ED1C177A}
	EndProjectSection
EndProject
Project("{FAE04EC0-301F-11D3-BF4B-00C04F79EFBC}") = "JsonWriter", "JsonWriter\JsonWriter.csproj", "{C03F7958-C302-4F57-B158-E1F0E8A1A302}"
EndProject
Project("{FAE04EC0-301F-11D3-BF4B-00C04F79EFBC}") = "AllureExporterTests", "AllureExporterTests\AllureExporterTests.csproj", "{71D9999F-06FA-49B2-91C0-3CE322C9F33B}"
EndProject
Project("{FAE04EC0-301F-11D3-BF4B-00C04F79EFBC}") = "AzureExporterTests", "AzureExporterTests\AzureExporterTests.csproj", "{9EE779EA-9288-47D6-A99A-665AC7B72B47}"
EndProject
Project("{FAE04EC0-301F-11D3-BF4B-00C04F79EFBC}") = "ZephyrScaleExporter", "ZephyrScaleExporter\ZephyrScaleExporter.csproj", "{6E815614-B50E-4300-BD3E-CEC43DAA1509}"
EndProject
Global
	GlobalSection(SolutionConfigurationPlatforms) = preSolution
		Debug|Any CPU = Debug|Any CPU
		Release|Any CPU = Release|Any CPU
	EndGlobalSection
	GlobalSection(ProjectConfigurationPlatforms) = postSolution
		{6ABE461F-B644-40A5-A525-4F59ED1C177A}.Debug|Any CPU.ActiveCfg = Debug|Any CPU
		{6ABE461F-B644-40A5-A525-4F59ED1C177A}.Debug|Any CPU.Build.0 = Debug|Any CPU
		{6ABE461F-B644-40A5-A525-4F59ED1C177A}.Release|Any CPU.ActiveCfg = Release|Any CPU
		{6ABE461F-B644-40A5-A525-4F59ED1C177A}.Release|Any CPU.Build.0 = Release|Any CPU
		{C3AF4E9F-D540-49EB-8DBD-8098FE9ED2AF}.Debug|Any CPU.ActiveCfg = Debug|Any CPU
		{C3AF4E9F-D540-49EB-8DBD-8098FE9ED2AF}.Debug|Any CPU.Build.0 = Debug|Any CPU
		{C3AF4E9F-D540-49EB-8DBD-8098FE9ED2AF}.Release|Any CPU.ActiveCfg = Release|Any CPU
		{C3AF4E9F-D540-49EB-8DBD-8098FE9ED2AF}.Release|Any CPU.Build.0 = Release|Any CPU
		{DAE915E2-C494-42A9-AAD5-DEEEF1A9E7BF}.Debug|Any CPU.ActiveCfg = Debug|Any CPU
		{DAE915E2-C494-42A9-AAD5-DEEEF1A9E7BF}.Debug|Any CPU.Build.0 = Debug|Any CPU
		{DAE915E2-C494-42A9-AAD5-DEEEF1A9E7BF}.Release|Any CPU.ActiveCfg = Release|Any CPU
		{DAE915E2-C494-42A9-AAD5-DEEEF1A9E7BF}.Release|Any CPU.Build.0 = Release|Any CPU
		{BD50456A-86C5-463D-9621-5151C68C3A22}.Debug|Any CPU.ActiveCfg = Debug|Any CPU
		{BD50456A-86C5-463D-9621-5151C68C3A22}.Debug|Any CPU.Build.0 = Debug|Any CPU
		{BD50456A-86C5-463D-9621-5151C68C3A22}.Release|Any CPU.ActiveCfg = Release|Any CPU
		{BD50456A-86C5-463D-9621-5151C68C3A22}.Release|Any CPU.Build.0 = Release|Any CPU
		{C03F7958-C302-4F57-B158-E1F0E8A1A302}.Debug|Any CPU.ActiveCfg = Debug|Any CPU
		{C03F7958-C302-4F57-B158-E1F0E8A1A302}.Debug|Any CPU.Build.0 = Debug|Any CPU
		{C03F7958-C302-4F57-B158-E1F0E8A1A302}.Release|Any CPU.ActiveCfg = Release|Any CPU
		{C03F7958-C302-4F57-B158-E1F0E8A1A302}.Release|Any CPU.Build.0 = Release|Any CPU
		{71D9999F-06FA-49B2-91C0-3CE322C9F33B}.Debug|Any CPU.ActiveCfg = Debug|Any CPU
		{71D9999F-06FA-49B2-91C0-3CE322C9F33B}.Debug|Any CPU.Build.0 = Debug|Any CPU
		{71D9999F-06FA-49B2-91C0-3CE322C9F33B}.Release|Any CPU.ActiveCfg = Release|Any CPU
		{71D9999F-06FA-49B2-91C0-3CE322C9F33B}.Release|Any CPU.Build.0 = Release|Any CPU
		{F0B8FF2F-2EB3-4A5A-BF3E-55DF351E1118}.Debug|Any CPU.ActiveCfg = Debug|Any CPU
		{F0B8FF2F-2EB3-4A5A-BF3E-55DF351E1118}.Debug|Any CPU.Build.0 = Debug|Any CPU
		{F0B8FF2F-2EB3-4A5A-BF3E-55DF351E1118}.Release|Any CPU.ActiveCfg = Release|Any CPU
		{F0B8FF2F-2EB3-4A5A-BF3E-55DF351E1118}.Release|Any CPU.Build.0 = Release|Any CPU
		{9EE779EA-9288-47D6-A99A-665AC7B72B47}.Debug|Any CPU.ActiveCfg = Debug|Any CPU
		{9EE779EA-9288-47D6-A99A-665AC7B72B47}.Debug|Any CPU.Build.0 = Debug|Any CPU
		{9EE779EA-9288-47D6-A99A-665AC7B72B47}.Release|Any CPU.ActiveCfg = Release|Any CPU
		{9EE779EA-9288-47D6-A99A-665AC7B72B47}.Release|Any CPU.Build.0 = Release|Any CPU
		{6E815614-B50E-4300-BD3E-CEC43DAA1509}.Debug|Any CPU.ActiveCfg = Debug|Any CPU
		{6E815614-B50E-4300-BD3E-CEC43DAA1509}.Debug|Any CPU.Build.0 = Debug|Any CPU
		{6E815614-B50E-4300-BD3E-CEC43DAA1509}.Release|Any CPU.ActiveCfg = Release|Any CPU
		{6E815614-B50E-4300-BD3E-CEC43DAA1509}.Release|Any CPU.Build.0 = Release|Any CPU
	EndGlobalSection
	GlobalSection(SolutionProperties) = preSolution
		HideSolutionNode = FALSE
	EndGlobalSection
	GlobalSection(ExtensibilityGlobals) = postSolution
		SolutionGuid = {8D31D15C-2ECB-4619-97E9-7CA04EA8316C}
	EndGlobalSection
EndGlobal
